{
  "dependencies": {
    "@types/node": {
      "dev": true,
      "integrity": "sha512-Zq8gcQGmn4txQEJeiXo/KiLpon8TzAl0kmKH4zdWctPj05nWwp1ClMdAVEloqrQKfaC48PNLdgN/aVaLqUrluA==",
      "resolved": "https://registry.npmjs.org/@types/node/-/node-13.7.1.tgz",
      "version": "13.7.1"
    }
  },
  "lockfileVersion": 1,
  "name": "@nofrills/locations",
  "requires": true,
  "version": "10.1.0"
}
