{
	"name": "@nofrills/http",
	"version": "6.1.0-next.2",
	"lockfileVersion": 1,
	"requires": true,
	"dependencies": {
		"@nofrills/collections": {
			"version": "5.0.1",
			"resolved": "https://registry.npmjs.org/@nofrills/collections/-/collections-5.0.1.tgz",
			"integrity": "sha512-X8WaS6rbdMhv5FGPKiumgrMhLFUBQgYcE2fSxo6g3v/CjHFcoQ1CPLFFz4PcQZO1PLwpmpUpRC1lLV87TfYxwQ=="
		},
		"@nofrills/lincoln-debug": {
			"version": "6.0.0",
			"resolved": "https://registry.npmjs.org/@nofrills/lincoln-debug/-/lincoln-debug-6.0.0.tgz",
			"integrity": "sha512-bQtDvwSRN7FACDp0tYKGoBy8q2p8LqklUfuI74ADq9TLBqCJc0lBvHxwtBKp09wqeaEZ7JZTcldoKe17tHPi6A==",
			"requires": {
				"@nofrills/collections": "^5.0.1",
				"debug": "^4.1.1"
			}
		},
		"@nofrills/scrubs": {
			"version": "6.0.2",
			"resolved": "https://registry.npmjs.org/@nofrills/scrubs/-/scrubs-6.0.2.tgz",
			"integrity": "sha512-vP54+iK2ecNxE9DUuhV+OBI5l6K6BFVL5Rinv6V50h8Z/GS4fENJHAVVG3jO0rP29WcEWZ6dOozIpiM3fHqvnw==",
			"requires": {
				"@nofrills/lincoln-debug": "^6.0.0",
				"@nofrills/types": "^6.0.0",
				"deepmerge": "^4.0.0"
			}
		},
		"@nofrills/types": {
			"version": "6.0.0",
			"resolved": "https://registry.npmjs.org/@nofrills/types/-/types-6.0.0.tgz",
			"integrity": "sha512-SeUR4d6s+JbDxuKLnUcPnkYPlRBK0Dve4RBV7B/M6LbZTp5RSQImvgmkeVHtykap/w6FPuoF1Y/cizfGsZLU9w==",
			"requires": {
				"deepmerge": "^4.0.0",
				"validator": "^11.1.0",
				"zipcodes-regex": "^1.0.3"
			}
		},
		"@types/isomorphic-fetch": {
			"version": "0.0.35",
			"resolved": "https://registry.npmjs.org/@types/isomorphic-fetch/-/isomorphic-fetch-0.0.35.tgz",
			"integrity": "sha512-DaZNUvLDCAnCTjgwxgiL1eQdxIKEpNLOlTNtAgnZc50bG2copGhRrFN9/PxPBuJe+tZVLCbQ7ls0xveXVRPkvw==",
			"dev": true
		},
		"debug": {
			"version": "4.1.1",
			"resolved": "https://registry.npmjs.org/debug/-/debug-4.1.1.tgz",
			"integrity": "sha512-pYAIzeRo8J6KPEaJ0VWOh5Pzkbw/RetuzehGM7QRRX5he4fPHx2rdKMB256ehJCkX+XRQm16eZLqLNS8RSZXZw==",
			"requires": {
				"ms": "^2.1.1"
			}
		},
		"deepmerge": {
			"version": "4.2.2",
			"resolved": "https://registry.npmjs.org/deepmerge/-/deepmerge-4.2.2.tgz",
			"integrity": "sha512-FJ3UgI4gIl+PHZm53knsuSFpE+nESMr7M4v9QcgB7S63Kj/6WqMiFQJpBBYz1Pt+66bZpP3Q7Lye0Oo9MPKEdg=="
		},
		"encoding": {
			"version": "0.1.12",
			"resolved": "https://registry.npmjs.org/encoding/-/encoding-0.1.12.tgz",
			"integrity": "sha1-U4tm8+5izRq1HsMjgp0flIDHS+s=",
			"requires": {
				"iconv-lite": "~0.4.13"
			}
		},
		"iconv-lite": {
			"version": "0.4.24",
			"resolved": "https://registry.npmjs.org/iconv-lite/-/iconv-lite-0.4.24.tgz",
			"integrity": "sha512-v3MXnZAcvnywkTUEZomIActle7RXXeedOR31wwl7VlyoXO4Qi9arvSenNQWne1TcRwhCL1HwLI21bEqdpj8/rA==",
			"requires": {
				"safer-buffer": ">= 2.1.2 < 3"
			}
		},
		"is-stream": {
			"version": "1.1.0",
			"resolved": "https://registry.npmjs.org/is-stream/-/is-stream-1.1.0.tgz",
			"integrity": "sha1-EtSj3U5o4Lec6428hBc66A2RykQ="
		},
		"isomorphic-fetch": {
			"version": "2.2.1",
			"resolved": "https://registry.npmjs.org/isomorphic-fetch/-/isomorphic-fetch-2.2.1.tgz",
			"integrity": "sha1-YRrhrPFPXoH3KVB0coGf6XM1WKk=",
			"requires": {
				"node-fetch": "^1.0.1",
				"whatwg-fetch": ">=0.10.0"
			}
		},
		"ms": {
			"version": "2.1.2",
			"resolved": "https://registry.npmjs.org/ms/-/ms-2.1.2.tgz",
			"integrity": "sha512-sGkPx+VjMtmA6MX27oA4FBFELFCZZ4S4XqeGOXCv68tT+jb3vk/RyaKWP0PTKyWtmLSM0b+adUTEvbs1PEaH2w=="
		},
		"node-fetch": {
			"version": "1.7.3",
			"resolved": "https://registry.npmjs.org/node-fetch/-/node-fetch-1.7.3.tgz",
			"integrity": "sha512-NhZ4CsKx7cYm2vSrBAr2PvFOe6sWDf0UYLRqA6svUYg7+/TSfVAu49jYC4BvQ4Sms9SZgdqGBgroqfDhJdTyKQ==",
			"requires": {
				"encoding": "^0.1.11",
				"is-stream": "^1.0.1"
			}
		},
		"safer-buffer": {
			"version": "2.1.2",
			"resolved": "https://registry.npmjs.org/safer-buffer/-/safer-buffer-2.1.2.tgz",
			"integrity": "sha512-YZo3K82SD7Riyi0E1EQPojLz7kpepnSQI9IyPbHHg1XXXevb5dJI7tpyN2ADxGcQbHG7vcyRHk0cbwqcQriUtg=="
		},
		"validator": {
			"version": "11.1.0",
			"resolved": "https://registry.npmjs.org/validator/-/validator-11.1.0.tgz",
			"integrity": "sha512-qiQ5ktdO7CD6C/5/mYV4jku/7qnqzjrxb3C/Q5wR3vGGinHTgJZN/TdFT3ZX4vXhX2R1PXx42fB1cn5W+uJ4lg=="
		},
		"whatwg-fetch": {
			"version": "3.0.0",
			"resolved": "https://registry.npmjs.org/whatwg-fetch/-/whatwg-fetch-3.0.0.tgz",
			"integrity": "sha512-9GSJUgz1D4MfyKU7KRqwOjXCXTqWdFNvEr7eUBYchQiVc744mqK/MzXPNR2WsPkmkOa4ywfg8C2n8h+13Bey1Q=="
		},
		"zipcodes-regex": {
			"version": "1.0.3",
			"resolved": "https://registry.npmjs.org/zipcodes-regex/-/zipcodes-regex-1.0.3.tgz",
			"integrity": "sha512-ZZeokzfcmQDpu3nSDv6LqIcfsrsh5tlgpFeQdtzxlZupoMjxLwE9H5mZur/RBHsZdMwv6l2aELTLVq1lXCwURA=="
		}
	}
}
