{
  "dependencies": {
    "@types/cheerio": {
      "dev": true,
      "integrity": "sha512-Fq7R3fINAPSdUEhOyjG4iVxgHrOnqDJbY0/BUuiN0pvD/rfmZWekVZnv+vcs8TtpA2XF50uv50LaE4EnpEL/Hw==",
      "requires": {
        "@types/node": "*"
      },
      "resolved": "https://registry.npmjs.org/@types/cheerio/-/cheerio-0.22.18.tgz",
      "version": "0.22.18"
    },
    "@types/isomorphic-fetch": {
      "dev": true,
      "integrity": "sha512-DaZNUvLDCAnCTjgwxgiL1eQdxIKEpNLOlTNtAgnZc50bG2copGhRrFN9/PxPBuJe+tZVLCbQ7ls0xveXVRPkvw==",
      "resolved": "https://registry.npmjs.org/@types/isomorphic-fetch/-/isomorphic-fetch-0.0.35.tgz",
      "version": "0.0.35"
    },
    "@types/node": {
      "dev": true,
      "integrity": "sha512-/sjzehvjkkpvLpYtN6/2dv5kg41otMGuHQUt9T2aiAuIfleCQRQHXXzF1eAw/qkZTj5Kcf4JSTf7EIizHocy6Q==",
      "resolved": "https://registry.npmjs.org/@types/node/-/node-14.0.12.tgz",
      "version": "14.0.12"
    },
    "boolbase": {
      "integrity": "sha1-aN/1++YMUes3cl6p4+0xDcwed24=",
      "resolved": "https://registry.npmjs.org/boolbase/-/boolbase-1.0.0.tgz",
      "version": "1.0.0"
    },
    "cheerio": {
      "integrity": "sha1-qbqoYKP5tZWmuBsahocxIe06Jp4=",
      "requires": {
        "css-select": "~1.2.0",
        "dom-serializer": "~0.1.0",
        "entities": "~1.1.1",
        "htmlparser2": "^3.9.1",
        "lodash.assignin": "^4.0.9",
        "lodash.bind": "^4.1.4",
        "lodash.defaults": "^4.0.1",
        "lodash.filter": "^4.4.0",
        "lodash.flatten": "^4.2.0",
        "lodash.foreach": "^4.3.0",
        "lodash.map": "^4.4.0",
        "lodash.merge": "^4.4.0",
        "lodash.pick": "^4.2.1",
        "lodash.reduce": "^4.4.0",
        "lodash.reject": "^4.4.0",
        "lodash.some": "^4.4.0"
      },
      "resolved": "https://registry.npmjs.org/cheerio/-/cheerio-0.22.0.tgz",
      "version": "0.22.0"
    },
    "css-select": {
      "integrity": "sha1-KzoRBTnFNV8c2NMUYj6HCxIeyFg=",
      "requires": {
        "boolbase": "~1.0.0",
        "css-what": "2.1",
        "domutils": "1.5.1",
        "nth-check": "~1.0.1"
      },
      "resolved": "https://registry.npmjs.org/css-select/-/css-select-1.2.0.tgz",
      "version": "1.2.0"
    },
    "css-what": {
      "integrity": "sha512-a+EPoD+uZiNfh+5fxw2nO9QwFa6nJe2Or35fGY6Ipw1R3R4AGz1d1TEZrCegvw2YTmZ0jXirGYlzxxpYSHwpEg==",
      "resolved": "https://registry.npmjs.org/css-what/-/css-what-2.1.3.tgz",
      "version": "2.1.3"
    },
    "dom-serializer": {
      "integrity": "sha512-l0IU0pPzLWSHBcieZbpOKgkIn3ts3vAh7ZuFyXNwJxJXk/c4Gwj9xaTJwIDVQCXawWD0qb3IzMGH5rglQaO0XA==",
      "requires": {
        "domelementtype": "^1.3.0",
        "entities": "^1.1.1"
      },
      "resolved": "https://registry.npmjs.org/dom-serializer/-/dom-serializer-0.1.1.tgz",
      "version": "0.1.1"
    },
    "domelementtype": {
      "integrity": "sha512-BSKB+TSpMpFI/HOxCNr1O8aMOTZ8hT3pM3GQ0w/mWRmkhEDSFJkkyzz4XQsBV44BChwGkrDfMyjVD0eA2aFV3w==",
      "resolved": "https://registry.npmjs.org/domelementtype/-/domelementtype-1.3.1.tgz",
      "version": "1.3.1"
    },
    "domhandler": {
      "integrity": "sha512-JiK04h0Ht5u/80fdLMCEmV4zkNh2BcoMFBmZ/91WtYZ8qVXSKjiw7fXMgFPnHcSZgOo3XdinHvmnDUeMf5R4wA==",
      "requires": {
        "domelementtype": "1"
      },
      "resolved": "https://registry.npmjs.org/domhandler/-/domhandler-2.4.2.tgz",
      "version": "2.4.2"
    },
    "domutils": {
      "integrity": "sha1-3NhIiib1Y9YQeeSMn3t+Mjc2gs8=",
      "requires": {
        "dom-serializer": "0",
        "domelementtype": "1"
      },
      "resolved": "https://registry.npmjs.org/domutils/-/domutils-1.5.1.tgz",
      "version": "1.5.1"
    },
    "encoding": {
      "integrity": "sha1-U4tm8+5izRq1HsMjgp0flIDHS+s=",
      "requires": {
        "iconv-lite": "~0.4.13"
      },
      "resolved": "https://registry.npmjs.org/encoding/-/encoding-0.1.12.tgz",
      "version": "0.1.12"
    },
    "entities": {
      "integrity": "sha512-f2LZMYl1Fzu7YSBKg+RoROelpOaNrcGmE9AZubeDfrCEia483oW4MI4VyFd5VNHIgQ/7qm1I0wUHK1eJnn2y2w==",
      "resolved": "https://registry.npmjs.org/entities/-/entities-1.1.2.tgz",
      "version": "1.1.2"
    },
    "htmlparser2": {
      "integrity": "sha512-IgieNijUMbkDovyoKObU1DUhm1iwNYE/fuifEoEHfd1oZKZDaONBSkal7Y01shxsM49R4XaMdGez3WnF9UfiCQ==",
      "requires": {
        "domelementtype": "^1.3.1",
        "domhandler": "^2.3.0",
        "domutils": "^1.5.1",
        "entities": "^1.1.1",
        "inherits": "^2.0.1",
        "readable-stream": "^3.1.1"
      },
      "resolved": "https://registry.npmjs.org/htmlparser2/-/htmlparser2-3.10.1.tgz",
      "version": "3.10.1"
    },
    "iconv-lite": {
      "integrity": "sha512-v3MXnZAcvnywkTUEZomIActle7RXXeedOR31wwl7VlyoXO4Qi9arvSenNQWne1TcRwhCL1HwLI21bEqdpj8/rA==",
      "requires": {
        "safer-buffer": ">= 2.1.2 < 3"
      },
      "resolved": "https://registry.npmjs.org/iconv-lite/-/iconv-lite-0.4.24.tgz",
      "version": "0.4.24"
    },
    "inherits": {
      "integrity": "sha512-k/vGaX4/Yla3WzyMCvTQOXYeIHvqOKtnqBduzTHpzpQZzAskKMhZ2K+EnBiSM9zGSoIFeMpXKxa4dYeZIQqewQ==",
      "resolved": "https://registry.npmjs.org/inherits/-/inherits-2.0.4.tgz",
      "version": "2.0.4"
    },
    "is-stream": {
      "integrity": "sha1-EtSj3U5o4Lec6428hBc66A2RykQ=",
      "resolved": "https://registry.npmjs.org/is-stream/-/is-stream-1.1.0.tgz",
      "version": "1.1.0"
    },
    "isomorphic-fetch": {
      "integrity": "sha1-YRrhrPFPXoH3KVB0coGf6XM1WKk=",
      "requires": {
        "node-fetch": "^1.0.1",
        "whatwg-fetch": ">=0.10.0"
      },
      "resolved": "https://registry.npmjs.org/isomorphic-fetch/-/isomorphic-fetch-2.2.1.tgz",
      "version": "2.2.1"
    },
    "lodash.assignin": {
      "integrity": "sha1-uo31+4QesKPoBEIysOJjqNxqKKI=",
      "resolved": "https://registry.npmjs.org/lodash.assignin/-/lodash.assignin-4.2.0.tgz",
      "version": "4.2.0"
    },
    "lodash.bind": {
      "integrity": "sha1-euMBfpOWIqwxt9fX3LGzTbFpDTU=",
      "resolved": "https://registry.npmjs.org/lodash.bind/-/lodash.bind-4.2.1.tgz",
      "version": "4.2.1"
    },
    "lodash.defaults": {
      "integrity": "sha1-0JF4cW/+pN3p5ft7N/bwgCJ0WAw=",
      "resolved": "https://registry.npmjs.org/lodash.defaults/-/lodash.defaults-4.2.0.tgz",
      "version": "4.2.0"
    },
    "lodash.filter": {
      "integrity": "sha1-ZosdSYFgOuHMWm+nYBQ+SAtMSs4=",
      "resolved": "https://registry.npmjs.org/lodash.filter/-/lodash.filter-4.6.0.tgz",
      "version": "4.6.0"
    },
    "lodash.flatten": {
      "integrity": "sha1-8xwiIlqWMtK7+OSt2+8kCqdlph8=",
      "resolved": "https://registry.npmjs.org/lodash.flatten/-/lodash.flatten-4.4.0.tgz",
      "version": "4.4.0"
    },
    "lodash.foreach": {
      "integrity": "sha1-Gmo16s5AEoDH8G3d7DUWWrJ+PlM=",
      "resolved": "https://registry.npmjs.org/lodash.foreach/-/lodash.foreach-4.5.0.tgz",
      "version": "4.5.0"
    },
    "lodash.map": {
      "integrity": "sha1-dx7Hg540c9nEzeKLGTlMNWL09tM=",
      "resolved": "https://registry.npmjs.org/lodash.map/-/lodash.map-4.6.0.tgz",
      "version": "4.6.0"
    },
    "lodash.merge": {
      "integrity": "sha512-0KpjqXRVvrYyCsX1swR/XTK0va6VQkQM6MNo7PqW77ByjAhoARA8EfrP1N4+KlKj8YS0ZUCtRT/YUuhyYDujIQ==",
      "resolved": "https://registry.npmjs.org/lodash.merge/-/lodash.merge-4.6.2.tgz",
      "version": "4.6.2"
    },
    "lodash.pick": {
      "integrity": "sha1-UvBWEP/53tQiYRRB7R/BI6AwAbM=",
      "resolved": "https://registry.npmjs.org/lodash.pick/-/lodash.pick-4.4.0.tgz",
      "version": "4.4.0"
    },
    "lodash.reduce": {
      "integrity": "sha1-8atrg5KZrUj3hKu/R2WW8DuRTTs=",
      "resolved": "https://registry.npmjs.org/lodash.reduce/-/lodash.reduce-4.6.0.tgz",
      "version": "4.6.0"
    },
    "lodash.reject": {
      "integrity": "sha1-gNZJLcFHCGS79YNTO2UfQqn1JBU=",
      "resolved": "https://registry.npmjs.org/lodash.reject/-/lodash.reject-4.6.0.tgz",
      "version": "4.6.0"
    },
    "lodash.some": {
      "integrity": "sha1-G7nzFO9ri63tE7VJFpsqlF62jk0=",
      "resolved": "https://registry.npmjs.org/lodash.some/-/lodash.some-4.6.0.tgz",
      "version": "4.6.0"
    },
    "node-fetch": {
      "integrity": "sha512-NhZ4CsKx7cYm2vSrBAr2PvFOe6sWDf0UYLRqA6svUYg7+/TSfVAu49jYC4BvQ4Sms9SZgdqGBgroqfDhJdTyKQ==",
      "requires": {
        "encoding": "^0.1.11",
        "is-stream": "^1.0.1"
      },
      "resolved": "https://registry.npmjs.org/node-fetch/-/node-fetch-1.7.3.tgz",
      "version": "1.7.3"
    },
    "nth-check": {
      "integrity": "sha512-WeBOdju8SnzPN5vTUJYxYUxLeXpCaVP5i5e0LF8fg7WORF2Wd7wFX/pk0tYZk7s8T+J7VLy0Da6J1+wCT0AtHg==",
      "requires": {
        "boolbase": "~1.0.0"
      },
      "resolved": "https://registry.npmjs.org/nth-check/-/nth-check-1.0.2.tgz",
      "version": "1.0.2"
    },
    "promise-parallel-throttle": {
      "integrity": "sha512-tThe11SfFXlGMhuO2D+Nba6L8FJFM17w2zwlMV1kqaLfuT2E8NMtMF1WhJBZaSpWz6V76pP/bGAj8BXTAMOncw==",
      "resolved": "https://registry.npmjs.org/promise-parallel-throttle/-/promise-parallel-throttle-3.3.0.tgz",
      "version": "3.3.0"
    },
    "readable-stream": {
      "integrity": "sha512-jItXPLmrSR8jmTRmRWJXCnGJsfy85mB3Wd/uINMXA65yrnFo0cPClFIUWzo2najVNSl+mx7/4W8ttlLWJe99pQ==",
      "requires": {
        "inherits": "^2.0.3",
        "string_decoder": "^1.1.1",
        "util-deprecate": "^1.0.1"
      },
      "resolved": "https://registry.npmjs.org/readable-stream/-/readable-stream-3.4.0.tgz",
      "version": "3.4.0"
    },
    "safe-buffer": {
      "integrity": "sha512-fZEwUGbVl7kouZs1jCdMLdt95hdIv0ZeHg6L7qPeciMZhZ+/gdesW4wgTARkrFWEpspjEATAzUGPG8N2jJiwbg==",
      "resolved": "https://registry.npmjs.org/safe-buffer/-/safe-buffer-5.2.0.tgz",
      "version": "5.2.0"
    },
    "safer-buffer": {
      "integrity": "sha512-YZo3K82SD7Riyi0E1EQPojLz7kpepnSQI9IyPbHHg1XXXevb5dJI7tpyN2ADxGcQbHG7vcyRHk0cbwqcQriUtg==",
      "resolved": "https://registry.npmjs.org/safer-buffer/-/safer-buffer-2.1.2.tgz",
      "version": "2.1.2"
    },
    "string_decoder": {
      "integrity": "sha512-hkRX8U1WjJFd8LsDJ2yQ/wWWxaopEsABU1XfkM8A+j0+85JAGppt16cr1Whg6KIbb4okU6Mql6BOj+uup/wKeA==",
      "requires": {
        "safe-buffer": "~5.2.0"
      },
      "resolved": "https://registry.npmjs.org/string_decoder/-/string_decoder-1.3.0.tgz",
      "version": "1.3.0"
    },
    "util-deprecate": {
      "integrity": "sha1-RQ1Nyfpw3nMnYvvS1KKJgUGaDM8=",
      "resolved": "https://registry.npmjs.org/util-deprecate/-/util-deprecate-1.0.2.tgz",
      "version": "1.0.2"
    },
    "whatwg-fetch": {
      "integrity": "sha512-9GSJUgz1D4MfyKU7KRqwOjXCXTqWdFNvEr7eUBYchQiVc744mqK/MzXPNR2WsPkmkOa4ywfg8C2n8h+13Bey1Q==",
      "resolved": "https://registry.npmjs.org/whatwg-fetch/-/whatwg-fetch-3.0.0.tgz",
      "version": "3.0.0"
    }
  },
  "lockfileVersion": 1,
  "name": "@nofrills/typings-couchbase",
  "requires": true,
  "version": "11.0.2"
}
