{
  "dependencies": {
    "@types/deepmerge": {
      "dev": true,
      "integrity": "sha512-FEQYDHh6+Q+QXKSrIY46m+/lAmAj/bk4KpLaam+hArmzaVpMBHLcfwOH2Q2UOkWM7XsdY9PmZpGyPAjh/JRGhQ==",
      "requires": {
        "deepmerge": "*"
      },
      "resolved": "https://registry.npmjs.org/@types/deepmerge/-/deepmerge-2.2.0.tgz",
      "version": "2.2.0"
    },
    "@types/node": {
      "dev": true,
      "integrity": "sha512-/sjzehvjkkpvLpYtN6/2dv5kg41otMGuHQUt9T2aiAuIfleCQRQHXXzF1eAw/qkZTj5Kcf4JSTf7EIizHocy6Q==",
      "resolved": "https://registry.npmjs.org/@types/node/-/node-14.0.12.tgz",
      "version": "14.0.12"
    },
    "@types/shortid": {
      "dev": true,
      "integrity": "sha1-gJPuBBam4r8qpjOBCRFLP7/6Dps=",
      "resolved": "https://registry.npmjs.org/@types/shortid/-/shortid-0.0.29.tgz",
      "version": "0.0.29"
    },
    "deepmerge": {
      "integrity": "sha512-FJ3UgI4gIl+PHZm53knsuSFpE+nESMr7M4v9QcgB7S63Kj/6WqMiFQJpBBYz1Pt+66bZpP3Q7Lye0Oo9MPKEdg==",
      "resolved": "https://registry.npmjs.org/deepmerge/-/deepmerge-4.2.2.tgz",
      "version": "4.2.2"
    },
    "nanoid": {
      "integrity": "sha512-J2X7aUpdmTlkAuSe9WaQ5DsTZZPW1r/zmEWKsGhbADO6Gm9FMd2ZzJ8NhsmP4OtA9oFhXfxNqPlreHEDOGB4sg==",
      "resolved": "https://registry.npmjs.org/nanoid/-/nanoid-2.1.9.tgz",
      "version": "2.1.9"
    },
    "shortid": {
      "integrity": "sha512-5EaCy2mx2Jgc/Fdn9uuDuNIIfWBpzY4XIlhoqtXF6qsf+/+SGZ+FxDdX/ZsMZiWupIWNqAEmiNY4RC+LSmCeOw==",
      "requires": {
        "nanoid": "^2.1.0"
      },
      "resolved": "https://registry.npmjs.org/shortid/-/shortid-2.2.15.tgz",
      "version": "2.2.15"
    }
  },
  "lockfileVersion": 1,
  "name": "@nofrills/smush",
  "requires": true,
  "version": "11.0.1-next.0"
}
