{
  "dependencies": {
    "@types/deepmerge": {
      "dev": true,
      "integrity": "sha512-FEQYDHh6+Q+QXKSrIY46m+/lAmAj/bk4KpLaam+hArmzaVpMBHLcfwOH2Q2UOkWM7XsdY9PmZpGyPAjh/JRGhQ==",
      "requires": {
        "deepmerge": "*"
      },
      "resolved": "https://registry.npmjs.org/@types/deepmerge/-/deepmerge-2.2.0.tgz",
      "version": "2.2.0"
    },
    "@types/node": {
      "dev": true,
      "integrity": "sha512-Zq8gcQGmn4txQEJeiXo/KiLpon8TzAl0kmKH4zdWctPj05nWwp1ClMdAVEloqrQKfaC48PNLdgN/aVaLqUrluA==",
      "resolved": "https://registry.npmjs.org/@types/node/-/node-13.7.1.tgz",
      "version": "13.7.1"
    },
    "@types/validator": {
      "dev": true,
      "integrity": "sha512-l57fIANZLMe8DArz+SDb+7ATXnDm15P7u2wHBw5mb0aSMd+UuvmvhouBF2hdLgQPDMJ39sh9g2MJO4GkZ0VAdQ==",
      "resolved": "https://registry.npmjs.org/@types/validator/-/validator-12.0.1.tgz",
      "version": "12.0.1"
    },
    "deepmerge": {
      "integrity": "sha512-FJ3UgI4gIl+PHZm53knsuSFpE+nESMr7M4v9QcgB7S63Kj/6WqMiFQJpBBYz1Pt+66bZpP3Q7Lye0Oo9MPKEdg==",
      "resolved": "https://registry.npmjs.org/deepmerge/-/deepmerge-4.2.2.tgz",
      "version": "4.2.2"
    },
    "validator": {
      "integrity": "sha512-jJfE/DW6tIK1Ek8nCfNFqt8Wb3nzMoAbocBF6/Icgg1ZFSBpObdnwVY2jQj6qUqzhx5jc71fpvBWyLGO7Xl+nQ==",
      "resolved": "https://registry.npmjs.org/validator/-/validator-12.2.0.tgz",
      "version": "12.2.0"
    },
    "zipcodes-regex": {
      "integrity": "sha512-ZZeokzfcmQDpu3nSDv6LqIcfsrsh5tlgpFeQdtzxlZupoMjxLwE9H5mZur/RBHsZdMwv6l2aELTLVq1lXCwURA==",
      "resolved": "https://registry.npmjs.org/zipcodes-regex/-/zipcodes-regex-1.0.3.tgz",
      "version": "1.0.3"
    }
  },
  "lockfileVersion": 1,
  "name": "@nofrills/types",
  "requires": true,
  "version": "10.0.2"
}
