{
  "dependencies": {
    "@types/deepmerge": {
      "dev": true,
      "integrity": "sha512-FEQYDHh6+Q+QXKSrIY46m+/lAmAj/bk4KpLaam+hArmzaVpMBHLcfwOH2Q2UOkWM7XsdY9PmZpGyPAjh/JRGhQ==",
      "requires": {
        "deepmerge": "*"
      },
      "resolved": "https://registry.npmjs.org/@types/deepmerge/-/deepmerge-2.2.0.tgz",
      "version": "2.2.0"
    },
    "@types/validator": {
      "dev": true,
      "integrity": "sha512-WAy5txG7aFX8Vw3sloEKp5p/t/Xt8jD3GRD9DacnFv6Vo8ubudAsRTXgxpQwU0mpzY/H8U4db3roDuCMjShBmw==",
      "resolved": "https://registry.npmjs.org/@types/validator/-/validator-13.0.0.tgz",
      "version": "13.0.0"
    },
    "deepmerge": {
      "integrity": "sha512-FJ3UgI4gIl+PHZm53knsuSFpE+nESMr7M4v9QcgB7S63Kj/6WqMiFQJpBBYz1Pt+66bZpP3Q7Lye0Oo9MPKEdg==",
      "resolved": "https://registry.npmjs.org/deepmerge/-/deepmerge-4.2.2.tgz",
      "version": "4.2.2"
    },
    "validator": {
      "integrity": "sha512-anYx5fURbgF04lQV18nEQWZ/3wHGnxiKdG4aL8J+jEDsm98n/sU/bey+tYk6tnGJzm7ioh5FoqrAiQ6m03IgaA==",
      "resolved": "https://registry.npmjs.org/validator/-/validator-13.0.0.tgz",
      "version": "13.0.0"
    },
    "zipcodes-regex": {
      "integrity": "sha512-ZZeokzfcmQDpu3nSDv6LqIcfsrsh5tlgpFeQdtzxlZupoMjxLwE9H5mZur/RBHsZdMwv6l2aELTLVq1lXCwURA==",
      "resolved": "https://registry.npmjs.org/zipcodes-regex/-/zipcodes-regex-1.0.3.tgz",
      "version": "1.0.3"
    }
  },
  "lockfileVersion": 1,
  "name": "@nofrills/types",
  "requires": true,
  "version": "10.0.3"
}
