{
  "dependencies": {
    "@types/deepmerge": {
      "dev": true,
      "integrity": "sha512-FEQYDHh6+Q+QXKSrIY46m+/lAmAj/bk4KpLaam+hArmzaVpMBHLcfwOH2Q2UOkWM7XsdY9PmZpGyPAjh/JRGhQ==",
      "requires": {
        "deepmerge": "*"
      },
      "resolved": "https://registry.npmjs.org/@types/deepmerge/-/deepmerge-2.2.0.tgz",
      "version": "2.2.0"
    },
    "@types/node": {
      "dev": true,
      "integrity": "sha512-Zq8gcQGmn4txQEJeiXo/KiLpon8TzAl0kmKH4zdWctPj05nWwp1ClMdAVEloqrQKfaC48PNLdgN/aVaLqUrluA==",
      "resolved": "https://registry.npmjs.org/@types/node/-/node-13.7.1.tgz",
      "version": "13.7.1"
    },
    "@types/uppercamelcase": {
      "dev": true,
      "integrity": "sha512-nmFQfW6wDT0P1980EmI2HdcEhVf/IfodkQf0Uv/S54sJyDmSltMMV6Qr/5xIaPm9QZcF0FpVtMCnSAR/hWHJBA==",
      "resolved": "https://registry.npmjs.org/@types/uppercamelcase/-/uppercamelcase-3.0.0.tgz",
      "version": "3.0.0"
    },
    "camelcase": {
      "integrity": "sha512-L28STB170nwWS63UjtlEOE3dldQApaJXZkOI1uMFfzf3rRuPegHaHesyee+YxQ+W6SvRDQV6UrdOdRiR153wJg==",
      "resolved": "https://registry.npmjs.org/camelcase/-/camelcase-5.3.1.tgz",
      "version": "5.3.1"
    },
    "deepmerge": {
      "integrity": "sha512-FJ3UgI4gIl+PHZm53knsuSFpE+nESMr7M4v9QcgB7S63Kj/6WqMiFQJpBBYz1Pt+66bZpP3Q7Lye0Oo9MPKEdg==",
      "resolved": "https://registry.npmjs.org/deepmerge/-/deepmerge-4.2.2.tgz",
      "version": "4.2.2"
    },
    "titleize": {
      "integrity": "sha512-m+apkYlfiQTKLW+sI4vqUkwMEzfgEUEYSqljx1voUE3Wz/z1ZsxyzSxvH2X8uKVrOp7QkByWt0rA6+gvhCKy6g==",
      "resolved": "https://registry.npmjs.org/titleize/-/titleize-2.1.0.tgz",
      "version": "2.1.0"
    },
    "uppercamelcase": {
      "dependencies": {
        "camelcase": {
          "integrity": "sha1-1UVjW+HjPFQmScaRc+Xeas+uNN0=",
          "resolved": "https://registry.npmjs.org/camelcase/-/camelcase-4.1.0.tgz",
          "version": "4.1.0"
        }
      },
      "integrity": "sha1-OAsyG41zy6Fv7E11KldRUtHvcxc=",
      "requires": {
        "camelcase": "^4.1.0"
      },
      "resolved": "https://registry.npmjs.org/uppercamelcase/-/uppercamelcase-3.0.0.tgz",
      "version": "3.0.0"
    }
  },
  "lockfileVersion": 1,
  "name": "@nofrills/env",
  "requires": true,
  "version": "11.0.0"
}
