{
  "dependencies": {
    "@nofrills/collections": {
      "integrity": "sha512-X8WaS6rbdMhv5FGPKiumgrMhLFUBQgYcE2fSxo6g3v/CjHFcoQ1CPLFFz4PcQZO1PLwpmpUpRC1lLV87TfYxwQ==",
      "resolved": "https://registry.npmjs.org/@nofrills/collections/-/collections-5.0.1.tgz",
      "version": "5.0.1"
    },
    "@nofrills/lincoln-debug": {
      "integrity": "sha512-7qwB2t1OFzipGvI8zUD877dM37wqNZqj9D7wa0RM5H84A63sJ57vx5IUzGqQRylj4u9ea3//SxwUbuWQNwMbrg==",
      "requires": {
        "@nofrills/collections": "^5.0.1",
        "debug": "^4.1.1"
      },
      "resolved": "https://registry.npmjs.org/@nofrills/lincoln-debug/-/lincoln-debug-10.0.1.tgz",
      "version": "10.0.1"
    },
    "@nofrills/types": {
      "integrity": "sha512-36PLwYQ8umz6jJUvEfrlhoavvxxJUQ3XmbSGVtFEGLDFAEb1+9tYrrJuBQObbhsUwuklV8C8W3QRAKaMz4WETA==",
      "requires": {
        "deepmerge": "^4.2.2",
        "validator": "^12.1.0",
        "zipcodes-regex": "^1.0.3"
      },
      "resolved": "https://registry.npmjs.org/@nofrills/types/-/types-10.0.2.tgz",
      "version": "10.0.2"
    },
    "debug": {
      "integrity": "sha512-pYAIzeRo8J6KPEaJ0VWOh5Pzkbw/RetuzehGM7QRRX5he4fPHx2rdKMB256ehJCkX+XRQm16eZLqLNS8RSZXZw==",
      "requires": {
        "ms": "^2.1.1"
      },
      "resolved": "https://registry.npmjs.org/debug/-/debug-4.1.1.tgz",
      "version": "4.1.1"
    },
    "deepmerge": {
      "integrity": "sha512-FJ3UgI4gIl+PHZm53knsuSFpE+nESMr7M4v9QcgB7S63Kj/6WqMiFQJpBBYz1Pt+66bZpP3Q7Lye0Oo9MPKEdg==",
      "resolved": "https://registry.npmjs.org/deepmerge/-/deepmerge-4.2.2.tgz",
      "version": "4.2.2"
    },
    "moment": {
      "integrity": "sha512-bV7f+6l2QigeBBZSM/6yTNq4P2fNpSWj/0e7jQcy87A8e7o2nAfP/34/2ky5Vw4B9S446EtIhodAzkFCcR4dQg==",
      "resolved": "https://registry.npmjs.org/moment/-/moment-2.24.0.tgz",
      "version": "2.24.0"
    },
    "ms": {
      "integrity": "sha512-sGkPx+VjMtmA6MX27oA4FBFELFCZZ4S4XqeGOXCv68tT+jb3vk/RyaKWP0PTKyWtmLSM0b+adUTEvbs1PEaH2w==",
      "resolved": "https://registry.npmjs.org/ms/-/ms-2.1.2.tgz",
      "version": "2.1.2"
    },
    "validator": {
      "integrity": "sha512-gIC2RBuFRi574Rb9vewGCJ7TCLxHXNx6EKthEgs+Iz0pYa9a9Te1VLG/bGLsAyGWrqR5FfR7tbFUI7FEF2LiGA==",
      "resolved": "https://registry.npmjs.org/validator/-/validator-12.1.0.tgz",
      "version": "12.1.0"
    },
    "zipcodes-regex": {
      "integrity": "sha512-ZZeokzfcmQDpu3nSDv6LqIcfsrsh5tlgpFeQdtzxlZupoMjxLwE9H5mZur/RBHsZdMwv6l2aELTLVq1lXCwURA==",
      "resolved": "https://registry.npmjs.org/zipcodes-regex/-/zipcodes-regex-1.0.3.tgz",
      "version": "1.0.3"
    }
  },
  "lockfileVersion": 1,
  "name": "@nofrills/smorgasbord",
  "requires": true,
  "version": "10.0.1"
}
