{
  "dependencies": {
    "moment": {
      "integrity": "sha512-oIixUO+OamkUkwjhAVE18rAMfRJNsNe/Stid/gwHSOfHrOtw9EhAY2AHvdKZ/k/MggcYELFCJz/Sn2pL8b8JMw==",
      "resolved": "https://registry.npmjs.org/moment/-/moment-2.26.0.tgz",
      "version": "2.26.0"
    }
  },
  "lockfileVersion": 1,
  "name": "@nofrills/smorgasbord",
  "requires": true,
  "version": "11.0.1-next.0"
}
