{
	"name": "@nofrills/lincoln",
	"version": "5.0.1",
	"lockfileVersion": 1,
	"requires": true,
	"dependencies": {
		"@nofrills/collections": {
			"version": "5.0.1",
			"resolved": "https://registry.npmjs.org/@nofrills/collections/-/collections-5.0.1.tgz",
			"integrity": "sha512-X8WaS6rbdMhv5FGPKiumgrMhLFUBQgYcE2fSxo6g3v/CjHFcoQ1CPLFFz4PcQZO1PLwpmpUpRC1lLV87TfYxwQ=="
		},
		"@types/node": {
			"version": "12.0.12",
			"resolved": "https://registry.npmjs.org/@types/node/-/node-12.0.12.tgz",
			"integrity": "sha512-Uy0PN4R5vgBUXFoJrKryf5aTk3kJ8Rv3PdlHjl6UaX+Cqp1QE0yPQ68MPXGrZOfG7gZVNDIJZYyot0B9ubXUrQ==",
			"dev": true
		},
		"@types/uuid": {
			"version": "3.4.5",
			"resolved": "https://registry.npmjs.org/@types/uuid/-/uuid-3.4.5.tgz",
			"integrity": "sha512-MNL15wC3EKyw1VLF+RoVO4hJJdk9t/Hlv3rt1OL65Qvuadm4BYo6g9ZJQqoq7X8NBFSsQXgAujWciovh2lpVjA==",
			"dev": true,
			"requires": {
				"@types/node": "*"
			}
		},
		"uuid": {
			"version": "3.3.3",
			"resolved": "https://registry.npmjs.org/uuid/-/uuid-3.3.3.tgz",
			"integrity": "sha512-pW0No1RGHgzlpHJO1nsVrHKpOEIxkGg1xB+v0ZmdNH5OAeAwzAVrCnI2/6Mtx+Uys6iaylxa+D3g4j63IKKjSQ=="
		}
	}
}
