{
  "dependencies": {
    "@types/deepmerge": {
      "dev": true,
      "integrity": "sha512-FEQYDHh6+Q+QXKSrIY46m+/lAmAj/bk4KpLaam+hArmzaVpMBHLcfwOH2Q2UOkWM7XsdY9PmZpGyPAjh/JRGhQ==",
      "requires": {
        "deepmerge": "*"
      },
      "resolved": "https://registry.npmjs.org/@types/deepmerge/-/deepmerge-2.2.0.tgz",
      "version": "2.2.0"
    },
    "@types/node": {
      "dev": true,
      "integrity": "sha512-Jg1F+bmxcpENHP23sVKkNuU3uaxPnsBMW0cLjleiikFKomJQbsn0Cqk2yDvQArqzZN6ABfBkZ0To7pQ8sLdWDg==",
      "resolved": "https://registry.npmjs.org/@types/node/-/node-13.1.6.tgz",
      "version": "13.1.6"
    },
    "@types/uuid": {
      "dev": true,
      "integrity": "sha512-cCdlC/1kGEZdEglzOieLDYBxHsvEOIg7kp/2FYyVR9Pxakq+Qf/inL3RKQ+PA8gOlI/NnL+fXmQH12nwcGzsHw==",
      "requires": {
        "@types/node": "*"
      },
      "resolved": "https://registry.npmjs.org/@types/uuid/-/uuid-3.4.6.tgz",
      "version": "3.4.6"
    },
    "deepmerge": {
      "integrity": "sha512-FJ3UgI4gIl+PHZm53knsuSFpE+nESMr7M4v9QcgB7S63Kj/6WqMiFQJpBBYz1Pt+66bZpP3Q7Lye0Oo9MPKEdg==",
      "resolved": "https://registry.npmjs.org/deepmerge/-/deepmerge-4.2.2.tgz",
      "version": "4.2.2"
    },
    "rxjs": {
      "integrity": "sha512-naMQXcgEo3csAEGvw/NydRA0fuS2nDZJiw1YUWFKU7aPPAPGZEsD4Iimit96qwCieH6y614MCLYwdkrWx7z/7Q==",
      "requires": {
        "tslib": "^1.9.0"
      },
      "resolved": "https://registry.npmjs.org/rxjs/-/rxjs-6.5.4.tgz",
      "version": "6.5.4"
    },
    "tslib": {
      "integrity": "sha512-qOebF53frne81cf0S9B41ByenJ3/IuH8yJKngAX35CmiZySA0khhkovshKK+jGCaMnVomla7gVlIcc3EvKPbTQ==",
      "resolved": "https://registry.npmjs.org/tslib/-/tslib-1.10.0.tgz",
      "version": "1.10.0"
    },
    "uuid": {
      "integrity": "sha512-pW0No1RGHgzlpHJO1nsVrHKpOEIxkGg1xB+v0ZmdNH5OAeAwzAVrCnI2/6Mtx+Uys6iaylxa+D3g4j63IKKjSQ==",
      "resolved": "https://registry.npmjs.org/uuid/-/uuid-3.3.3.tgz",
      "version": "3.3.3"
    }
  },
  "lockfileVersion": 1,
  "name": "@nofrills/lincoln",
  "requires": true,
  "version": "11.0.0"
}
