{
  "dependencies": {
    "@types/node": {
      "dev": true,
      "integrity": "sha512-u/SJDyXwuihpwjXy7hOOghagLEV1KdAST6syfnOk6QZAMzZuWZqXy5aYYZbh8Jdpd4escVFP0MvftHNDb9pruA==",
      "resolved": "https://registry.npmjs.org/@types/node/-/node-12.12.14.tgz",
      "version": "12.12.14"
    },
    "@types/uuid": {
      "dev": true,
      "integrity": "sha512-cCdlC/1kGEZdEglzOieLDYBxHsvEOIg7kp/2FYyVR9Pxakq+Qf/inL3RKQ+PA8gOlI/NnL+fXmQH12nwcGzsHw==",
      "requires": {
        "@types/node": "*"
      },
      "resolved": "https://registry.npmjs.org/@types/uuid/-/uuid-3.4.6.tgz",
      "version": "3.4.6"
    },
    "uuid": {
      "integrity": "sha512-pW0No1RGHgzlpHJO1nsVrHKpOEIxkGg1xB+v0ZmdNH5OAeAwzAVrCnI2/6Mtx+Uys6iaylxa+D3g4j63IKKjSQ==",
      "resolved": "https://registry.npmjs.org/uuid/-/uuid-3.3.3.tgz",
      "version": "3.3.3"
    }
  },
  "lockfileVersion": 1,
  "name": "@nofrills/lincoln",
  "requires": true,
  "version": "11.0.0-next.0"
}
