{
  "dependencies": {
    "@types/mustache": {
      "dev": true,
      "integrity": "sha512-wH6Tu9mbiOt0n5EvdoWy0VGQaJMHfLIxY/6wS0xLC7CV1taM6gESEzcYy0ZlWvxxiiljYvfDIvz4hHbUUDRlhw==",
      "resolved": "https://registry.npmjs.org/@types/mustache/-/mustache-4.0.1.tgz",
      "version": "4.0.1"
    },
    "mustache": {
      "integrity": "sha512-yL5VE97+OXn4+Er3THSmTdCFCtx5hHWzrolvH+JObZnUYwuaG7XV+Ch4fR2cIrcYI0tFHxS7iyFYl14bW8y2sA==",
      "resolved": "https://registry.npmjs.org/mustache/-/mustache-4.0.1.tgz",
      "version": "4.0.1"
    }
  },
  "lockfileVersion": 1,
  "name": "@nofrills/typings",
  "requires": true,
  "version": "11.0.1-next.0"
}
