{
	"name": "@nofrills/typings",
	"version": "4.0.8",
	"lockfileVersion": 1,
	"requires": true,
	"dependencies": {
		"@types/mustache": {
			"version": "0.8.32",
			"resolved": "https://registry.npmjs.org/@types/mustache/-/mustache-0.8.32.tgz",
			"integrity": "sha512-RTVWV485OOf4+nO2+feurk0chzHkSjkjALiejpHltyuMf/13fGymbbNNFrSKdSSUg1TIwzszXdWsVirxgqYiFA==",
			"dev": true
		},
		"mustache": {
			"version": "3.0.1",
			"resolved": "https://registry.npmjs.org/mustache/-/mustache-3.0.1.tgz",
			"integrity": "sha512-jFI/4UVRsRYdUbuDTKT7KzfOp7FiD5WzYmmwNwXyUVypC0xjoTL78Fqc0jHUPIvvGD+6DQSPHIt1NE7D1ArsqA=="
		}
	}
}
