{
  "dependencies": {
    "@types/mustache": {
      "dev": true,
      "integrity": "sha512-RTVWV485OOf4+nO2+feurk0chzHkSjkjALiejpHltyuMf/13fGymbbNNFrSKdSSUg1TIwzszXdWsVirxgqYiFA==",
      "resolved": "https://registry.npmjs.org/@types/mustache/-/mustache-0.8.32.tgz",
      "version": "0.8.32"
    },
    "mustache": {
      "integrity": "sha512-RERvMFdLpaFfSRIEe632yDm5nsd0SDKn8hGmcUwswnyiE5mtdZLDybtHAz6hjJhawokF0hXvGLtx9mrQfm6FkA==",
      "resolved": "https://registry.npmjs.org/mustache/-/mustache-3.2.1.tgz",
      "version": "3.2.1"
    }
  },
  "lockfileVersion": 1,
  "name": "@nofrills/typings",
  "requires": true,
  "version": "11.0.0"
}
